
Microsoft Visual Studio Solution File, Format Version 12.00
# Visual Studio Version 17
VisualStudioVersion = 17.6.33723.286
MinimumVisualStudioVersion = 10.0.40219.1
Project("{9A19103F-16F7-4668-BE54-9A1E7A4F7556}") = "Core", "src\Core\Core.csproj", "{661C82C9-4F85-42DF-8D18-DD26A44E8C05}"
EndProject
Project("{9A19103F-16F7-4668-BE54-9A1E7A4F7556}") = "Infrastructure", "src\Infrastructure\Infrastructure.csproj", "{C7BC9B29-F076-4A56-A538-D6FC4E9EF2DE}"
EndProject
Project("{9A19103F-16F7-4668-BE54-9A1E7A4F7556}") = "Ui.Appi", "src\Ui.Appi\Ui.Appi.csproj", "{27C7D4CC-12D5-4975-9D72-696DF966FFF8}"
EndProject
Project("{2150E333-8FDC-42A3-9474-1A3956D46DE8}") = "Solution Items", "Solution Items", "{46729D70-08AB-4A84-80C5-E0BFBAB2C278}"
	ProjectSection(SolutionItems) = preProject
		.editorconfig = .editorconfig
		find-command-demo.gif = find-command-demo.gif
		README.md = README.md
	EndProjectSection
EndProject
Project("{9A19103F-16F7-4668-BE54-9A1E7A4F7556}") = "ExternalDemoSource", "examples\ExternalDemoSource\ExternalDemoSource.csproj", "{EDEF9501-74FE-4E03-B925-746C6B842BC7}"
EndProject
Project("{2150E333-8FDC-42A3-9474-1A3956D46DE8}") = "src", "src", "{9CE1E074-70DF-4A86-8528-0EFFD466A5E0}"
EndProject
Project("{2150E333-8FDC-42A3-9474-1A3956D46DE8}") = "examples", "examples", "{6189930F-2D64-45FA-9C7B-7B46E4106A6F}"
	ProjectSection(SolutionItems) = preProject
		examples\sources.json = examples\sources.json
	EndProjectSection
EndProject
Project("{2150E333-8FDC-42A3-9474-1A3956D46DE8}") = "tests", "tests", "{0E9DE4D8-0799-4EFF-BC0B-B1529CF92146}"
EndProject
Project("{9A19103F-16F7-4668-BE54-9A1E7A4F7556}") = "MySqlDemo", "examples\MySqlDemo\MySqlDemo.csproj", "{B0592A09-19D8-4C98-A6B6-3D7383FE7568}"
EndProject
Project("{9A19103F-16F7-4668-BE54-9A1E7A4F7556}") = "HttpRequestDemo", "examples\HttpRequestDemo\HttpRequestDemo.csproj", "{FAA4EADC-382B-45F8-85F7-4FCCD995B3CB}"
EndProject
Project("{9A19103F-16F7-4668-BE54-9A1E7A4F7556}") = "FileDemo", "examples\FileDemo\FileDemo.csproj", "{66E344C8-0385-4210-8215-27807F49A6F8}"
EndProject
Project("{9A19103F-16F7-4668-BE54-9A1E7A4F7556}") = "MsSqlDemo", "examples\MsSqlDemo\MsSqlDemo.csproj", "{6D2FD811-A557-4812-A35F-B7EEB53227B4}"
EndProject
Project("{FAE04EC0-301F-11D3-BF4B-00C04F79EFBC}") = "SqLiteDemo", "examples\SqLiteDemo\SqLiteDemo.csproj", "{42BDDD49-C300-49EF-B6B8-0287195E8096}"
EndProject
Global
	GlobalSection(SolutionConfigurationPlatforms) = preSolution
		Debug|Any CPU = Debug|Any CPU
		Release|Any CPU = Release|Any CPU
	EndGlobalSection
	GlobalSection(ProjectConfigurationPlatforms) = postSolution
		{661C82C9-4F85-42DF-8D18-DD26A44E8C05}.Debug|Any CPU.ActiveCfg = Debug|Any CPU
		{661C82C9-4F85-42DF-8D18-DD26A44E8C05}.Debug|Any CPU.Build.0 = Debug|Any CPU
		{661C82C9-4F85-42DF-8D18-DD26A44E8C05}.Release|Any CPU.ActiveCfg = Release|Any CPU
		{661C82C9-4F85-42DF-8D18-DD26A44E8C05}.Release|Any CPU.Build.0 = Release|Any CPU
		{C7BC9B29-F076-4A56-A538-D6FC4E9EF2DE}.Debug|Any CPU.ActiveCfg = Debug|Any CPU
		{C7BC9B29-F076-4A56-A538-D6FC4E9EF2DE}.Debug|Any CPU.Build.0 = Debug|Any CPU
		{C7BC9B29-F076-4A56-A538-D6FC4E9EF2DE}.Release|Any CPU.ActiveCfg = Release|Any CPU
		{C7BC9B29-F076-4A56-A538-D6FC4E9EF2DE}.Release|Any CPU.Build.0 = Release|Any CPU
		{27C7D4CC-12D5-4975-9D72-696DF966FFF8}.Debug|Any CPU.ActiveCfg = Debug|Any CPU
		{27C7D4CC-12D5-4975-9D72-696DF966FFF8}.Debug|Any CPU.Build.0 = Debug|Any CPU
		{27C7D4CC-12D5-4975-9D72-696DF966FFF8}.Release|Any CPU.ActiveCfg = Release|Any CPU
		{27C7D4CC-12D5-4975-9D72-696DF966FFF8}.Release|Any CPU.Build.0 = Release|Any CPU
		{EDEF9501-74FE-4E03-B925-746C6B842BC7}.Debug|Any CPU.ActiveCfg = Debug|Any CPU
		{EDEF9501-74FE-4E03-B925-746C6B842BC7}.Debug|Any CPU.Build.0 = Debug|Any CPU
		{EDEF9501-74FE-4E03-B925-746C6B842BC7}.Release|Any CPU.ActiveCfg = Release|Any CPU
		{EDEF9501-74FE-4E03-B925-746C6B842BC7}.Release|Any CPU.Build.0 = Release|Any CPU
		{B0592A09-19D8-4C98-A6B6-3D7383FE7568}.Debug|Any CPU.ActiveCfg = Debug|Any CPU
		{B0592A09-19D8-4C98-A6B6-3D7383FE7568}.Debug|Any CPU.Build.0 = Debug|Any CPU
		{B0592A09-19D8-4C98-A6B6-3D7383FE7568}.Release|Any CPU.ActiveCfg = Release|Any CPU
		{B0592A09-19D8-4C98-A6B6-3D7383FE7568}.Release|Any CPU.Build.0 = Release|Any CPU
		{FAA4EADC-382B-45F8-85F7-4FCCD995B3CB}.Debug|Any CPU.ActiveCfg = Debug|Any CPU
		{FAA4EADC-382B-45F8-85F7-4FCCD995B3CB}.Debug|Any CPU.Build.0 = Debug|Any CPU
		{FAA4EADC-382B-45F8-85F7-4FCCD995B3CB}.Release|Any CPU.ActiveCfg = Release|Any CPU
		{FAA4EADC-382B-45F8-85F7-4FCCD995B3CB}.Release|Any CPU.Build.0 = Release|Any CPU
		{66E344C8-0385-4210-8215-27807F49A6F8}.Debug|Any CPU.ActiveCfg = Debug|Any CPU
		{66E344C8-0385-4210-8215-27807F49A6F8}.Debug|Any CPU.Build.0 = Debug|Any CPU
		{66E344C8-0385-4210-8215-27807F49A6F8}.Release|Any CPU.ActiveCfg = Release|Any CPU
		{66E344C8-0385-4210-8215-27807F49A6F8}.Release|Any CPU.Build.0 = Release|Any CPU
		{6D2FD811-A557-4812-A35F-B7EEB53227B4}.Debug|Any CPU.ActiveCfg = Debug|Any CPU
		{6D2FD811-A557-4812-A35F-B7EEB53227B4}.Debug|Any CPU.Build.0 = Debug|Any CPU
		{6D2FD811-A557-4812-A35F-B7EEB53227B4}.Release|Any CPU.ActiveCfg = Release|Any CPU
		{6D2FD811-A557-4812-A35F-B7EEB53227B4}.Release|Any CPU.Build.0 = Release|Any CPU
		{42BDDD49-C300-49EF-B6B8-0287195E8096}.Debug|Any CPU.ActiveCfg = Debug|Any CPU
		{42BDDD49-C300-49EF-B6B8-0287195E8096}.Debug|Any CPU.Build.0 = Debug|Any CPU
		{42BDDD49-C300-49EF-B6B8-0287195E8096}.Release|Any CPU.ActiveCfg = Release|Any CPU
		{42BDDD49-C300-49EF-B6B8-0287195E8096}.Release|Any CPU.Build.0 = Release|Any CPU
	EndGlobalSection
	GlobalSection(SolutionProperties) = preSolution
		HideSolutionNode = FALSE
	EndGlobalSection
	GlobalSection(NestedProjects) = preSolution
		{661C82C9-4F85-42DF-8D18-DD26A44E8C05} = {9CE1E074-70DF-4A86-8528-0EFFD466A5E0}
		{C7BC9B29-F076-4A56-A538-D6FC4E9EF2DE} = {9CE1E074-70DF-4A86-8528-0EFFD466A5E0}
		{27C7D4CC-12D5-4975-9D72-696DF966FFF8} = {9CE1E074-70DF-4A86-8528-0EFFD466A5E0}
		{EDEF9501-74FE-4E03-B925-746C6B842BC7} = {6189930F-2D64-45FA-9C7B-7B46E4106A6F}
		{B0592A09-19D8-4C98-A6B6-3D7383FE7568} = {6189930F-2D64-45FA-9C7B-7B46E4106A6F}
		{FAA4EADC-382B-45F8-85F7-4FCCD995B3CB} = {6189930F-2D64-45FA-9C7B-7B46E4106A6F}
		{66E344C8-0385-4210-8215-27807F49A6F8} = {6189930F-2D64-45FA-9C7B-7B46E4106A6F}
		{6D2FD811-A557-4812-A35F-B7EEB53227B4} = {6189930F-2D64-45FA-9C7B-7B46E4106A6F}
		{42BDDD49-C300-49EF-B6B8-0287195E8096} = {6189930F-2D64-45FA-9C7B-7B46E4106A6F}
	EndGlobalSection
	GlobalSection(ExtensibilityGlobals) = postSolution
		SolutionGuid = {582939FE-3D4B-4D3A-B69D-AC28A8E4AC27}
	EndGlobalSection
EndGlobal
